
Microsoft Visual Studio Solution File, Format Version 12.00
# Visual Studio 15
Project("{FAE04EC0-301F-11D3-BF4B-00C04F79EFBC}") = "Pokemon Steel", "Assembly-CSharp-Editor.csproj", "{A00DAE1D-5E7D-644E-9853-20B9ED4A2285}"
EndProject
Global
	GlobalSection(SolutionConfigurationPlatforms) = preSolution
		Debug|Any CPU = Debug|Any CPU
		Release|Any CPU = Release|Any CPU
	EndGlobalSection
	GlobalSection(ProjectConfigurationPlatforms) = postSolution
		{A00DAE1D-5E7D-644E-9853-20B9ED4A2285}.Debug|Any CPU.ActiveCfg = Debug|Any CPU
		{A00DAE1D-5E7D-644E-9853-20B9ED4A2285}.Debug|Any CPU.Build.0 = Debug|Any CPU
		{A00DAE1D-5E7D-644E-9853-20B9ED4A2285}.Release|Any CPU.ActiveCfg = Release|Any CPU
		{A00DAE1D-5E7D-644E-9853-20B9ED4A2285}.Release|Any CPU.Build.0 = Release|Any CPU
	EndGlobalSection
	GlobalSection(SolutionProperties) = preSolution
		HideSolutionNode = FALSE
	EndGlobalSection
EndGlobal
